
Microsoft Visual Studio Solution File, Format Version 12.00
# Visual Studio 14
VisualStudioVersion = 14.0.23107.0
MinimumVisualStudioVersion = 10.0.40219.1
Project("{FAE04EC0-301F-11D3-BF4B-00C04F79EFBC}") = "CefGlue", "CefGlue\CefGlue.csproj", "{703FF300-34B9-48D4-A5D6-E741F48D5F95}"
EndProject
Project("{FAE04EC0-301F-11D3-BF4B-00C04F79EFBC}") = "CefGlue.Client", "CefGlue.Client\CefGlue.Client.csproj", "{311984DF-EB92-4B01-B4AD-C7E73A13E271}"
EndProject
Project("{FAE04EC0-301F-11D3-BF4B-00C04F79EFBC}") = "CefGlue.WindowsForms", "CefGlue.WindowsForms\CefGlue.WindowsForms.csproj", "{679AF14D-8FF5-4608-BFF8-EC1A7DED04A4}"
EndProject
Project("{FAE04EC0-301F-11D3-BF4B-00C04F79EFBC}") = "CefGlue.Demo", "CefGlue.Demo\CefGlue.Demo.csproj", "{B928A030-E818-4634-9C6B-F9224E996BD6}"
EndProject
Project("{FAE04EC0-301F-11D3-BF4B-00C04F79EFBC}") = "CefGlue.Demo.WinForms", "CefGlue.Demo.WinForms\CefGlue.Demo.WinForms.csproj", "{F9025CE1-2DF4-409B-8961-A51DFAEAABDD}"
EndProject
Project("{FAE04EC0-301F-11D3-BF4B-00C04F79EFBC}") = "demo", "demo\demo.csproj", "{19CF2A09-323B-427C-9DC3-A471D85D4684}"
EndProject
Project("{FAE04EC0-301F-11D3-BF4B-00C04F79EFBC}") = "OffScreenDemo", "OffScreenDemo\OffScreenDemo.csproj", "{72098366-3503-461E-9A87-C86B1BDF00AC}"
EndProject
Project("{FAE04EC0-301F-11D3-BF4B-00C04F79EFBC}") = "CefGlue.WindowsForms.Test", "CefGlue.WindowsForms.Test\CefGlue.WindowsForms.Test.csproj", "{28753C2C-C574-4BD8-BCCE-93239F1BA44C}"
EndProject
Global
	GlobalSection(SolutionConfigurationPlatforms) = preSolution
		Debug|Any CPU = Debug|Any CPU
		Debug|x86 = Debug|x86
		Release|Any CPU = Release|Any CPU
		Release|x86 = Release|x86
	EndGlobalSection
	GlobalSection(ProjectConfigurationPlatforms) = postSolution
		{703FF300-34B9-48D4-A5D6-E741F48D5F95}.Debug|Any CPU.ActiveCfg = Debug|Any CPU
		{703FF300-34B9-48D4-A5D6-E741F48D5F95}.Debug|Any CPU.Build.0 = Debug|Any CPU
		{703FF300-34B9-48D4-A5D6-E741F48D5F95}.Debug|x86.ActiveCfg = Debug|Any CPU
		{703FF300-34B9-48D4-A5D6-E741F48D5F95}.Debug|x86.Build.0 = Debug|Any CPU
		{703FF300-34B9-48D4-A5D6-E741F48D5F95}.Release|Any CPU.ActiveCfg = Release|Any CPU
		{703FF300-34B9-48D4-A5D6-E741F48D5F95}.Release|Any CPU.Build.0 = Release|Any CPU
		{703FF300-34B9-48D4-A5D6-E741F48D5F95}.Release|x86.ActiveCfg = Release|Any CPU
		{703FF300-34B9-48D4-A5D6-E741F48D5F95}.Release|x86.Build.0 = Release|Any CPU
		{311984DF-EB92-4B01-B4AD-C7E73A13E271}.Debug|Any CPU.ActiveCfg = Debug|Any CPU
		{311984DF-EB92-4B01-B4AD-C7E73A13E271}.Debug|Any CPU.Build.0 = Debug|Any CPU
		{311984DF-EB92-4B01-B4AD-C7E73A13E271}.Debug|x86.ActiveCfg = Debug|x86
		{311984DF-EB92-4B01-B4AD-C7E73A13E271}.Debug|x86.Build.0 = Debug|x86
		{311984DF-EB92-4B01-B4AD-C7E73A13E271}.Release|Any CPU.ActiveCfg = Release|Any CPU
		{311984DF-EB92-4B01-B4AD-C7E73A13E271}.Release|Any CPU.Build.0 = Release|Any CPU
		{311984DF-EB92-4B01-B4AD-C7E73A13E271}.Release|x86.ActiveCfg = Release|x86
		{311984DF-EB92-4B01-B4AD-C7E73A13E271}.Release|x86.Build.0 = Release|x86
		{679AF14D-8FF5-4608-BFF8-EC1A7DED04A4}.Debug|Any CPU.ActiveCfg = Debug|Any CPU
		{679AF14D-8FF5-4608-BFF8-EC1A7DED04A4}.Debug|Any CPU.Build.0 = Debug|Any CPU
		{679AF14D-8FF5-4608-BFF8-EC1A7DED04A4}.Debug|x86.ActiveCfg = Debug|Any CPU
		{679AF14D-8FF5-4608-BFF8-EC1A7DED04A4}.Debug|x86.Build.0 = Debug|Any CPU
		{679AF14D-8FF5-4608-BFF8-EC1A7DED04A4}.Release|Any CPU.ActiveCfg = Release|Any CPU
		{679AF14D-8FF5-4608-BFF8-EC1A7DED04A4}.Release|Any CPU.Build.0 = Release|Any CPU
		{679AF14D-8FF5-4608-BFF8-EC1A7DED04A4}.Release|x86.ActiveCfg = Release|Any CPU
		{679AF14D-8FF5-4608-BFF8-EC1A7DED04A4}.Release|x86.Build.0 = Release|Any CPU
		{B928A030-E818-4634-9C6B-F9224E996BD6}.Debug|Any CPU.ActiveCfg = Debug|Any CPU
		{B928A030-E818-4634-9C6B-F9224E996BD6}.Debug|Any CPU.Build.0 = Debug|Any CPU
		{B928A030-E818-4634-9C6B-F9224E996BD6}.Debug|x86.ActiveCfg = Debug|Any CPU
		{B928A030-E818-4634-9C6B-F9224E996BD6}.Debug|x86.Build.0 = Debug|Any CPU
		{B928A030-E818-4634-9C6B-F9224E996BD6}.Release|Any CPU.ActiveCfg = Release|Any CPU
		{B928A030-E818-4634-9C6B-F9224E996BD6}.Release|Any CPU.Build.0 = Release|Any CPU
		{B928A030-E818-4634-9C6B-F9224E996BD6}.Release|x86.ActiveCfg = Release|Any CPU
		{B928A030-E818-4634-9C6B-F9224E996BD6}.Release|x86.Build.0 = Release|Any CPU
		{F9025CE1-2DF4-409B-8961-A51DFAEAABDD}.Debug|Any CPU.ActiveCfg = Debug|Any CPU
		{F9025CE1-2DF4-409B-8961-A51DFAEAABDD}.Debug|Any CPU.Build.0 = Debug|Any CPU
		{F9025CE1-2DF4-409B-8961-A51DFAEAABDD}.Debug|x86.ActiveCfg = Debug|x86
		{F9025CE1-2DF4-409B-8961-A51DFAEAABDD}.Debug|x86.Build.0 = Debug|x86
		{F9025CE1-2DF4-409B-8961-A51DFAEAABDD}.Release|Any CPU.ActiveCfg = Release|Any CPU
		{F9025CE1-2DF4-409B-8961-A51DFAEAABDD}.Release|Any CPU.Build.0 = Release|Any CPU
		{F9025CE1-2DF4-409B-8961-A51DFAEAABDD}.Release|x86.ActiveCfg = Release|x86
		{F9025CE1-2DF4-409B-8961-A51DFAEAABDD}.Release|x86.Build.0 = Release|x86
		{19CF2A09-323B-427C-9DC3-A471D85D4684}.Debug|Any CPU.ActiveCfg = Debug|Any CPU
		{19CF2A09-323B-427C-9DC3-A471D85D4684}.Debug|Any CPU.Build.0 = Debug|Any CPU
		{19CF2A09-323B-427C-9DC3-A471D85D4684}.Debug|x86.ActiveCfg = Debug|Any CPU
		{19CF2A09-323B-427C-9DC3-A471D85D4684}.Debug|x86.Build.0 = Debug|Any CPU
		{19CF2A09-323B-427C-9DC3-A471D85D4684}.Release|Any CPU.ActiveCfg = Release|Any CPU
		{19CF2A09-323B-427C-9DC3-A471D85D4684}.Release|Any CPU.Build.0 = Release|Any CPU
		{19CF2A09-323B-427C-9DC3-A471D85D4684}.Release|x86.ActiveCfg = Release|Any CPU
		{19CF2A09-323B-427C-9DC3-A471D85D4684}.Release|x86.Build.0 = Release|Any CPU
		{72098366-3503-461E-9A87-C86B1BDF00AC}.Debug|Any CPU.ActiveCfg = Debug|Any CPU
		{72098366-3503-461E-9A87-C86B1BDF00AC}.Debug|Any CPU.Build.0 = Debug|Any CPU
		{72098366-3503-461E-9A87-C86B1BDF00AC}.Debug|x86.ActiveCfg = Debug|Any CPU
		{72098366-3503-461E-9A87-C86B1BDF00AC}.Debug|x86.Build.0 = Debug|Any CPU
		{72098366-3503-461E-9A87-C86B1BDF00AC}.Release|Any CPU.ActiveCfg = Release|Any CPU
		{72098366-3503-461E-9A87-C86B1BDF00AC}.Release|Any CPU.Build.0 = Release|Any CPU
		{72098366-3503-461E-9A87-C86B1BDF00AC}.Release|x86.ActiveCfg = Release|Any CPU
		{72098366-3503-461E-9A87-C86B1BDF00AC}.Release|x86.Build.0 = Release|Any CPU
		{28753C2C-C574-4BD8-BCCE-93239F1BA44C}.Debug|Any CPU.ActiveCfg = Debug|x86
		{28753C2C-C574-4BD8-BCCE-93239F1BA44C}.Debug|x86.ActiveCfg = Debug|x86
		{28753C2C-C574-4BD8-BCCE-93239F1BA44C}.Debug|x86.Build.0 = Debug|x86
		{28753C2C-C574-4BD8-BCCE-93239F1BA44C}.Release|Any CPU.ActiveCfg = Release|x86
		{28753C2C-C574-4BD8-BCCE-93239F1BA44C}.Release|x86.ActiveCfg = Release|x86
		{28753C2C-C574-4BD8-BCCE-93239F1BA44C}.Release|x86.Build.0 = Release|x86
	EndGlobalSection
	GlobalSection(SolutionProperties) = preSolution
		HideSolutionNode = FALSE
	EndGlobalSection
	GlobalSection(ExtensibilityGlobals) = postSolution
		SolutionGuid = {395AF058-BEDF-4B33-BB15-5E6E0A18D25E}
	EndGlobalSection
EndGlobal
